
Microsoft Visual Studio Solution File, Format Version 12.00
# Visual Studio Version 17
VisualStudioVersion = 17.0.31919.166
MinimumVisualStudioVersion = 10.0.40219.1
Project("{9A19103F-16F7-4668-BE54-9A1E7A4F7556}") = "PClub.Backend.WebAPI", "PClub.Backend.WebAPI\PClub.Backend.WebAPI.csproj", "{16E1CDB5-3FC6-4C27-829B-6A964744C09F}"
EndProject
Project("{9A19103F-16F7-4668-BE54-9A1E7A4F7556}") = "PClub.Backend.Models", "PClub.Backend.Models\PClub.Backend.Models.csproj", "{0776B68E-C726-4A9C-A26F-F52F2216F667}"
EndProject
Project("{9A19103F-16F7-4668-BE54-9A1E7A4F7556}") = "PClub.Backend.Abstractions", "PClub.Backend.Abstractions\PClub.Backend.Abstractions.csproj", "{45BCD2A8-950B-4ACE-9B62-7F60C9F59C48}"
EndProject
Project("{9A19103F-16F7-4668-BE54-9A1E7A4F7556}") = "PClub.Backend.Auth", "PClub.Backend.Auth\PClub.Backend.Auth.csproj", "{4F979181-48C8-4096-B7DE-DE34D9421903}"
EndProject
Project("{FAE04EC0-301F-11D3-BF4B-00C04F79EFBC}") = "PClub.Backend.WebAPI.Tests", "PClub.Backend.WebAPI.Tests\PClub.Backend.WebAPI.Tests.csproj", "{4979BF31-B839-49C0-A9D2-ACCD83460F91}"
EndProject
Global
	GlobalSection(SolutionConfigurationPlatforms) = preSolution
		Debug|Any CPU = Debug|Any CPU
		Release|Any CPU = Release|Any CPU
	EndGlobalSection
	GlobalSection(ProjectConfigurationPlatforms) = postSolution
		{16E1CDB5-3FC6-4C27-829B-6A964744C09F}.Debug|Any CPU.ActiveCfg = Debug|Any CPU
		{16E1CDB5-3FC6-4C27-829B-6A964744C09F}.Debug|Any CPU.Build.0 = Debug|Any CPU
		{16E1CDB5-3FC6-4C27-829B-6A964744C09F}.Release|Any CPU.ActiveCfg = Release|Any CPU
		{16E1CDB5-3FC6-4C27-829B-6A964744C09F}.Release|Any CPU.Build.0 = Release|Any CPU
		{0776B68E-C726-4A9C-A26F-F52F2216F667}.Debug|Any CPU.ActiveCfg = Debug|Any CPU
		{0776B68E-C726-4A9C-A26F-F52F2216F667}.Debug|Any CPU.Build.0 = Debug|Any CPU
		{0776B68E-C726-4A9C-A26F-F52F2216F667}.Release|Any CPU.ActiveCfg = Release|Any CPU
		{0776B68E-C726-4A9C-A26F-F52F2216F667}.Release|Any CPU.Build.0 = Release|Any CPU
		{45BCD2A8-950B-4ACE-9B62-7F60C9F59C48}.Debug|Any CPU.ActiveCfg = Debug|Any CPU
		{45BCD2A8-950B-4ACE-9B62-7F60C9F59C48}.Debug|Any CPU.Build.0 = Debug|Any CPU
		{45BCD2A8-950B-4ACE-9B62-7F60C9F59C48}.Release|Any CPU.ActiveCfg = Release|Any CPU
		{45BCD2A8-950B-4ACE-9B62-7F60C9F59C48}.Release|Any CPU.Build.0 = Release|Any CPU
		{4F979181-48C8-4096-B7DE-DE34D9421903}.Debug|Any CPU.ActiveCfg = Debug|Any CPU
		{4F979181-48C8-4096-B7DE-DE34D9421903}.Debug|Any CPU.Build.0 = Debug|Any CPU
		{4F979181-48C8-4096-B7DE-DE34D9421903}.Release|Any CPU.ActiveCfg = Release|Any CPU
		{4F979181-48C8-4096-B7DE-DE34D9421903}.Release|Any CPU.Build.0 = Release|Any CPU
		{4979BF31-B839-49C0-A9D2-ACCD83460F91}.Debug|Any CPU.ActiveCfg = Debug|Any CPU
		{4979BF31-B839-49C0-A9D2-ACCD83460F91}.Debug|Any CPU.Build.0 = Debug|Any CPU
		{4979BF31-B839-49C0-A9D2-ACCD83460F91}.Release|Any CPU.ActiveCfg = Release|Any CPU
		{4979BF31-B839-49C0-A9D2-ACCD83460F91}.Release|Any CPU.Build.0 = Release|Any CPU
	EndGlobalSection
	GlobalSection(SolutionProperties) = preSolution
		HideSolutionNode = FALSE
	EndGlobalSection
	GlobalSection(ExtensibilityGlobals) = postSolution
		SolutionGuid = {FB4640A2-DB54-4003-AF7F-5ADBB89664C2}
	EndGlobalSection
EndGlobal
